
Microsoft Visual Studio Solution File, Format Version 12.00
# Visual Studio 15
VisualStudioVersion = 15.0.28307.852
MinimumVisualStudioVersion = 10.0.40219.1
Project("{FAE04EC0-301F-11D3-BF4B-00C04F79EFBC}") = "GBX-Calculator", "GBX-Calculator\GBX-Calculator.csproj", "{ED326C43-EE42-4A49-84AF-C0550A5B2A90}"
EndProject
Project("{FAE04EC0-301F-11D3-BF4B-00C04F79EFBC}") = "GBX-CalculatorTests", "GBX-CalculatorTests\GBX-CalculatorTests.csproj", "{337373CE-B9FC-4CF1-BD16-AE0241DC3C14}"
EndProject
Global
	GlobalSection(SolutionConfigurationPlatforms) = preSolution
		Debug|Any CPU = Debug|Any CPU
		Release|Any CPU = Release|Any CPU
	EndGlobalSection
	GlobalSection(ProjectConfigurationPlatforms) = postSolution
		{ED326C43-EE42-4A49-84AF-C0550A5B2A90}.Debug|Any CPU.ActiveCfg = Debug|Any CPU
		{ED326C43-EE42-4A49-84AF-C0550A5B2A90}.Debug|Any CPU.Build.0 = Debug|Any CPU
		{ED326C43-EE42-4A49-84AF-C0550A5B2A90}.Release|Any CPU.ActiveCfg = Release|Any CPU
		{ED326C43-EE42-4A49-84AF-C0550A5B2A90}.Release|Any CPU.Build.0 = Release|Any CPU
		{337373CE-B9FC-4CF1-BD16-AE0241DC3C14}.Debug|Any CPU.ActiveCfg = Debug|Any CPU
		{337373CE-B9FC-4CF1-BD16-AE0241DC3C14}.Debug|Any CPU.Build.0 = Debug|Any CPU
		{337373CE-B9FC-4CF1-BD16-AE0241DC3C14}.Release|Any CPU.ActiveCfg = Release|Any CPU
		{337373CE-B9FC-4CF1-BD16-AE0241DC3C14}.Release|Any CPU.Build.0 = Release|Any CPU
	EndGlobalSection
	GlobalSection(SolutionProperties) = preSolution
		HideSolutionNode = FALSE
	EndGlobalSection
	GlobalSection(ExtensibilityGlobals) = postSolution
		SolutionGuid = {EAE2E01A-09E9-4029-97DF-A6CC1DBF5D42}
	EndGlobalSection
EndGlobal
